// !$*UTF8*$!
{
	archiveVersion = 1;
	classes = {
	};
	objectVersion = 50;
	objects = {

/* Begin PBXBuildFile section */
		DA45EADC2075E7F9001139D8 /* listTableViewCell.swift in Sources */ = {isa = PBXBuildFile; fileRef = DA45EADB2075E7F9001139D8 /* listTableViewCell.swift */; };
		DA45EADE2075EA21001139D8 /* listViewController.swift in Sources */ = {isa = PBXBuildFile; fileRef = DA45EADD2075EA21001139D8 /* listViewController.swift */; };
		DA45EAE02075F665001139D8 /* storeInfoViewController.swift in Sources */ = {isa = PBXBuildFile; fileRef = DA45EADF2075F665001139D8 /* storeInfoViewController.swift */; };
		DABCD52D207484F80040374E /* AppDelegate.swift in Sources */ = {isa = PBXBuildFile; fileRef = DABCD52C207484F80040374E /* AppDelegate.swift */; };
		DABCD52F207484F80040374E /* ViewController.swift in Sources */ = {isa = PBXBuildFile; fileRef = DABCD52E207484F80040374E /* ViewController.swift */; };
		DABCD532207484F80040374E /* Main.storyboard in Resources */ = {isa = PBXBuildFile; fileRef = DABCD530207484F80040374E /* Main.storyboard */; };
		DABCD535207484F80040374E /* SipZ_.xcdatamodeld in Sources */ = {isa = PBXBuildFile; fileRef = DABCD533207484F80040374E /* SipZ_.xcdatamodeld */; };
		DABCD537207484FB0040374E /* Assets.xcassets in Resources */ = {isa = PBXBuildFile; fileRef = DABCD536207484FB0040374E /* Assets.xcassets */; };
		DABCD53A207484FB0040374E /* LaunchScreen.storyboard in Resources */ = {isa = PBXBuildFile; fileRef = DABCD538207484FB0040374E /* LaunchScreen.storyboard */; };
		DABCD54220748CD60040374E /* termsandconditionViewController.swift in Sources */ = {isa = PBXBuildFile; fileRef = DABCD54120748CD60040374E /* termsandconditionViewController.swift */; };
		DABCD544207496E80040374E /* storeViewController.swift in Sources */ = {isa = PBXBuildFile; fileRef = DABCD543207496E80040374E /* storeViewController.swift */; };
/* End PBXBuildFile section */

/* Begin PBXFileReference section */
		DA45EADB2075E7F9001139D8 /* listTableViewCell.swift */ = {isa = PBXFileReference; lastKnownFileType = sourcecode.swift; path = listTableViewCell.swift; sourceTree = "<group>"; };
		DA45EADD2075EA21001139D8 /* listViewController.swift */ = {isa = PBXFileReference; lastKnownFileType = sourcecode.swift; path = listViewController.swift; sourceTree = "<group>"; };
		DA45EADF2075F665001139D8 /* storeInfoViewController.swift */ = {isa = PBXFileReference; lastKnownFileType = sourcecode.swift; path = storeInfoViewController.swift; sourceTree = "<group>"; };
		DABCD529207484F80040374E /* SipZ!.app */ = {isa = PBXFileReference; explicitFileType = wrapper.application; includeInIndex = 0; path = "SipZ!.app"; sourceTree = BUILT_PRODUCTS_DIR; };
		DABCD52C207484F80040374E /* AppDelegate.swift */ = {isa = PBXFileReference; lastKnownFileType = sourcecode.swift; path = AppDelegate.swift; sourceTree = "<group>"; };
		DABCD52E207484F80040374E /* ViewController.swift */ = {isa = PBXFileReference; lastKnownFileType = sourcecode.swift; path = ViewController.swift; sourceTree = "<group>"; };
		DABCD531207484F80040374E /* Base */ = {isa = PBXFileReference; lastKnownFileType = file.storyboard; name = Base; path = Base.lproj/Main.storyboard; sourceTree = "<group>"; };
		DABCD534207484F80040374E /* SipZ_.xcdatamodel */ = {isa = PBXFileReference; lastKnownFileType = wrapper.xcdatamodel; path = SipZ_.xcdatamodel; sourceTree = "<group>"; };
		DABCD536207484FB0040374E /* Assets.xcassets */ = {isa = PBXFileReference; lastKnownFileType = folder.assetcatalog; path = Assets.xcassets; sourceTree = "<group>"; };
		DABCD539207484FB0040374E /* Base */ = {isa = PBXFileReference; lastKnownFileType = file.storyboard; name = Base; path = Base.lproj/LaunchScreen.storyboard; sourceTree = "<group>"; };
		DABCD53B207484FB0040374E /* Info.plist */ = {isa = PBXFileReference; lastKnownFileType = text.plist.xml; path = Info.plist; sourceTree = "<group>"; };
		DABCD54120748CD60040374E /* termsandconditionViewController.swift */ = {isa = PBXFileReference; lastKnownFileType = sourcecode.swift; path = termsandconditionViewController.swift; sourceTree = "<group>"; };
		DABCD543207496E80040374E /* storeViewController.swift */ = {isa = PBXFileReference; lastKnownFileType = sourcecode.swift; path = storeViewController.swift; sourceTree = "<group>"; };
/* End PBXFileReference section */

/* Begin PBXFrameworksBuildPhase section */
		DABCD526207484F80040374E /* Frameworks */ = {
			isa = PBXFrameworksBuildPhase;
			buildActionMask = 2147483647;
			files = (
			);
			runOnlyForDeploymentPostprocessing = 0;
		};
/* End PBXFrameworksBuildPhase section */

/* Begin PBXGroup section */
		DABCD520207484F80040374E = {
			isa = PBXGroup;
			children = (
				DABCD52B207484F80040374E /* SipZ! */,
				DABCD52A207484F80040374E /* Products */,
			);
			sourceTree = "<group>";
		};
		DABCD52A207484F80040374E /* Products */ = {
			isa = PBXGroup;
			children = (
				DABCD529207484F80040374E /* SipZ!.app */,
			);
			name = Products;
			sourceTree = "<group>";
		};
		DABCD52B207484F80040374E /* SipZ! */ = {
			isa = PBXGroup;
			children = (
				DABCD52C207484F80040374E /* AppDelegate.swift */,
				DABCD52E207484F80040374E /* ViewController.swift */,
				DABCD530207484F80040374E /* Main.storyboard */,
				DA45EADB2075E7F9001139D8 /* listTableViewCell.swift */,
				DABCD543207496E80040374E /* storeViewController.swift */,
				DA45EADF2075F665001139D8 /* storeInfoViewController.swift */,
				DA45EADD2075EA21001139D8 /* listViewController.swift */,
				DABCD54120748CD60040374E /* termsandconditionViewController.swift */,
				DABCD536207484FB0040374E /* Assets.xcassets */,
				DABCD538207484FB0040374E /* LaunchScreen.storyboard */,
				DABCD53B207484FB0040374E /* Info.plist */,
				DABCD533207484F80040374E /* SipZ_.xcdatamodeld */,
			);
			path = "SipZ!";
			sourceTree = "<group>";
		};
/* End PBXGroup section */

/* Begin PBXNativeTarget section */
		DABCD528207484F80040374E /* SipZ! */ = {
			isa = PBXNativeTarget;
			buildConfigurationList = DABCD53E207484FB0040374E /* Build configuration list for PBXNativeTarget "SipZ!" */;
			buildPhases = (
				DABCD525207484F80040374E /* Sources */,
				DABCD526207484F80040374E /* Frameworks */,
				DABCD527207484F80040374E /* Resources */,
			);
			buildRules = (
			);
			dependencies = (
			);
			name = "SipZ!";
			productName = "SipZ!";
			productReference = DABCD529207484F80040374E /* SipZ!.app */;
			productType = "com.apple.product-type.application";
		};
/* End PBXNativeTarget section */

/* Begin PBXProject section */
		DABCD521207484F80040374E /* Project object */ = {
			isa = PBXProject;
			attributes = {
				LastSwiftUpdateCheck = 0930;
				LastUpgradeCheck = 0930;
				ORGANIZATIONNAME = "FasTek Technologies";
				TargetAttributes = {
					DABCD528207484F80040374E = {
						CreatedOnToolsVersion = 9.3;
					};
				};
			};
			buildConfigurationList = DABCD524207484F80040374E /* Build configuration list for PBXProject "SipZ!" */;
			compatibilityVersion = "Xcode 9.3";
			developmentRegion = en;
			hasScannedForEncodings = 0;
			knownRegions = (
				en,
				Base,
			);
			mainGroup = DABCD520207484F80040374E;
			productRefGroup = DABCD52A207484F80040374E /* Products */;
			projectDirPath = "";
			projectRoot = "";
			targets = (
				DABCD528207484F80040374E /* SipZ! */,
			);
		};
/* End PBXProject section */

/* Begin PBXResourcesBuildPhase section */
		DABCD527207484F80040374E /* Resources */ = {
			isa = PBXResourcesBuildPhase;
			buildActionMask = 2147483647;
			files = (
				DABCD53A207484FB0040374E /* LaunchScreen.storyboard in Resources */,
				DABCD537207484FB0040374E /* Assets.xcassets in Resources */,
				DABCD532207484F80040374E /* Main.storyboard in Resources */,
			);
			runOnlyForDeploymentPostprocessing = 0;
		};
/* End PBXResourcesBuildPhase section */

/* Begin PBXSourcesBuildPhase section */
		DABCD525207484F80040374E /* Sources */ = {
			isa = PBXSourcesBuildPhase;
			buildActionMask = 2147483647;
			files = (
				DA45EAE02075F665001139D8 /* storeInfoViewController.swift in Sources */,
				DABCD54220748CD60040374E /* termsandconditionViewController.swift in Sources */,
				DA45EADE2075EA21001139D8 /* listViewController.swift in Sources */,
				DABCD544207496E80040374E /* storeViewController.swift in Sources */,
				DABCD52F207484F80040374E /* ViewController.swift in Sources */,
				DA45EADC2075E7F9001139D8 /* listTableViewCell.swift in Sources */,
				DABCD535207484F80040374E /* SipZ_.xcdatamodeld in Sources */,
				DABCD52D207484F80040374E /* AppDelegate.swift in Sources */,
			);
			runOnlyForDeploymentPostprocessing = 0;
		};
/* End PBXSourcesBuildPhase section */

/* Begin PBXVariantGroup section */
		DABCD530207484F80040374E /* Main.storyboard */ = {
			isa = PBXVariantGroup;
			children = (
				DABCD531207484F80040374E /* Base */,
			);
			name = Main.storyboard;
			sourceTree = "<group>";
		};
		DABCD538207484FB0040374E /* LaunchScreen.storyboard */ = {
			isa = PBXVariantGroup;
			children = (
				DABCD539207484FB0040374E /* Base */,
			);
			name = LaunchScreen.storyboard;
			sourceTree = "<group>";
		};
/* End PBXVariantGroup section */

/* Begin XCBuildConfiguration section */
		DABCD53C207484FB0040374E /* Debug */ = {
			isa = XCBuildConfiguration;
			buildSettings = {
				ALWAYS_SEARCH_USER_PATHS = NO;
				CLANG_ANALYZER_NONNULL = YES;
				CLANG_ANALYZER_NUMBER_OBJECT_CONVERSION = YES_AGGRESSIVE;
				CLANG_CXX_LANGUAGE_STANDARD = "gnu++14";
				CLANG_CXX_LIBRARY = "libc++";
				CLANG_ENABLE_MODULES = YES;
				CLANG_ENABLE_OBJC_ARC = YES;
				CLANG_ENABLE_OBJC_WEAK = YES;
				CLANG_WARN_BLOCK_CAPTURE_AUTORELEASING = YES;
				CLANG_WARN_BOOL_CONVERSION = YES;
				CLANG_WARN_COMMA = YES;
				CLANG_WARN_CONSTANT_CONVERSION = YES;
				CLANG_WARN_DEPRECATED_OBJC_IMPLEMENTATIONS = YES;
				CLANG_WARN_DIRECT_OBJC_ISA_USAGE = YES_ERROR;
				CLANG_WARN_DOCUMENTATION_COMMENTS = YES;
				CLANG_WARN_EMPTY_BODY = YES;
				CLANG_WARN_ENUM_CONVERSION = YES;
				CLANG_WARN_INFINITE_RECURSION = YES;
				CLANG_WARN_INT_CONVERSION = YES;
				CLANG_WARN_NON_LITERAL_NULL_CONVERSION = YES;
				CLANG_WARN_OBJC_IMPLICIT_RETAIN_SELF = YES;
				CLANG_WARN_OBJC_LITERAL_CONVERSION = YES;
				CLANG_WARN_OBJC_ROOT_CLASS = YES_ERROR;
				CLANG_WARN_RANGE_LOOP_ANALYSIS = YES;
				CLANG_WARN_STRICT_PROTOTYPES = YES;
				CLANG_WARN_SUSPICIOUS_MOVE = YES;
				CLANG_WARN_UNGUARDED_AVAILABILITY = YES_AGGRESSIVE;
				CLANG_WARN_UNREACHABLE_CODE = YES;
				CLANG_WARN__DUPLICATE_METHOD_MATCH = YES;
				CODE_SIGN_IDENTITY = "iPhone Developer";
				COPY_PHASE_STRIP = NO;
				DEBUG_INFORMATION_FORMAT = dwarf;
				ENABLE_STRICT_OBJC_MSGSEND = YES;
				ENABLE_TESTABILITY = YES;
				GCC_C_LANGUAGE_STANDARD = gnu11;
				GCC_DYNAMIC_NO_PIC = NO;
				GCC_NO_COMMON_BLOCKS = YES;
				GCC_OPTIMIZATION_LEVEL = 0;
				GCC_PREPROCESSOR_DEFINITIONS = (
					"DEBUG=1",
					"$(inherited)",
				);
				GCC_WARN_64_TO_32_BIT_CONVERSION = YES;
				GCC_WARN_ABOUT_RETURN_TYPE = YES_ERROR;
				GCC_WARN_UNDECLARED_SELECTOR = YES;
				GCC_WARN_UNINITIALIZED_AUTOS = YES_AGGRESSIVE;
				GCC_WARN_UNUSED_FUNCTION = YES;
				GCC_WARN_UNUSED_VARIABLE = YES;
				IPHONEOS_DEPLOYMENT_TARGET = 11.3;
				MTL_ENABLE_DEBUG_INFO = YES;
				ONLY_ACTIVE_ARCH = YES;
				SDKROOT = iphoneos;
				SWIFT_ACTIVE_COMPILATION_CONDITIONS = DEBUG;
				SWIFT_OPTIMIZATION_LEVEL = "-Onone";
			};
			name = Debug;
		};
		DABCD53D207484FB0040374E /* Release */ = {
			isa = XCBuildConfiguration;
			buildSettings = {
				ALWAYS_SEARCH_USER_PATHS = NO;
				CLANG_ANALYZER_NONNULL = YES;
				CLANG_ANALYZER_NUMBER_OBJECT_CONVERSION = YES_AGGRESSIVE;
				CLANG_CXX_LANGUAGE_STANDARD = "gnu++14";
				CLANG_CXX_LIBRARY = "libc++";
				CLANG_ENABLE_MODULES = YES;
				CLANG_ENABLE_OBJC_ARC = YES;
				CLANG_ENABLE_OBJC_WEAK = YES;
				CLANG_WARN_BLOCK_CAPTURE_AUTORELEASING = YES;
				CLANG_WARN_BOOL_CONVERSION = YES;
				CLANG_WARN_COMMA = YES;
				CLANG_WARN_CONSTANT_CONVERSION = YES;
				CLANG_WARN_DEPRECATED_OBJC_IMPLEMENTATIONS = YES;
				CLANG_WARN_DIRECT_OBJC_ISA_USAGE = YES_ERROR;
				CLANG_WARN_DOCUMENTATION_COMMENTS = YES;
				CLANG_WARN_EMPTY_BODY = YES;
				CLANG_WARN_ENUM_CONVERSION = YES;
				CLANG_WARN_INFINITE_RECURSION = YES;
				CLANG_WARN_INT_CONVERSION = YES;
				CLANG_WARN_NON_LITERAL_NULL_CONVERSION = YES;
				CLANG_WARN_OBJC_IMPLICIT_RETAIN_SELF = YES;
				CLANG_WARN_OBJC_LITERAL_CONVERSION = YES;
				CLANG_WARN_OBJC_ROOT_CLASS = YES_ERROR;
				CLANG_WARN_RANGE_LOOP_ANALYSIS = YES;
				CLANG_WARN_STRICT_PROTOTYPES = YES;
				CLANG_WARN_SUSPICIOUS_MOVE = YES;
				CLANG_WARN_UNGUARDED_AVAILABILITY = YES_AGGRESSIVE;
				CLANG_WARN_UNREACHABLE_CODE = YES;
				CLANG_WARN__DUPLICATE_METHOD_MATCH = YES;
				CODE_SIGN_IDENTITY = "iPhone Developer";
				COPY_PHASE_STRIP = NO;
				DEBUG_INFORMATION_FORMAT = "dwarf-with-dsym";
				ENABLE_NS_ASSERTIONS = NO;
				ENABLE_STRICT_OBJC_MSGSEND = YES;
				GCC_C_LANGUAGE_STANDARD = gnu11;
				GCC_NO_COMMON_BLOCKS = YES;
				GCC_WARN_64_TO_32_BIT_CONVERSION = YES;
				GCC_WARN_ABOUT_RETURN_TYPE = YES_ERROR;
				GCC_WARN_UNDECLARED_SELECTOR = YES;
				GCC_WARN_UNINITIALIZED_AUTOS = YES_AGGRESSIVE;
				GCC_WARN_UNUSED_FUNCTION = YES;
				GCC_WARN_UNUSED_VARIABLE = YES;
				IPHONEOS_DEPLOYMENT_TARGET = 11.3;
				MTL_ENABLE_DEBUG_INFO = NO;
				SDKROOT = iphoneos;
				SWIFT_COMPILATION_MODE = wholemodule;
				SWIFT_OPTIMIZATION_LEVEL = "-O";
				VALIDATE_PRODUCT = YES;
			};
			name = Release;
		};
		DABCD53F207484FB0040374E /* Debug */ = {
			isa = XCBuildConfiguration;
			buildSettings = {
				ASSETCATALOG_COMPILER_APPICON_NAME = AppIcon;
				CODE_SIGN_STYLE = Automatic;
				DEVELOPMENT_TEAM = N762D69GAN;
				INFOPLIST_FILE = "SipZ!/Info.plist";
				LD_RUNPATH_SEARCH_PATHS = (
					"$(inherited)",
					"@executable_path/Frameworks",
				);
				PRODUCT_BUNDLE_IDENTIFIER = "ElderiedMcKinney.SipZ-";
				PRODUCT_NAME = "$(TARGET_NAME)";
				SWIFT_VERSION = 4.0;
				TARGETED_DEVICE_FAMILY = "1,2";
			};
			name = Debug;
		};
		DABCD540207484FB0040374E /* Release */ = {
			isa = XCBuildConfiguration;
			buildSettings = {
				ASSETCATALOG_COMPILER_APPICON_NAME = AppIcon;
				CODE_SIGN_STYLE = Automatic;
				DEVELOPMENT_TEAM = N762D69GAN;
				INFOPLIST_FILE = "SipZ!/Info.plist";
				LD_RUNPATH_SEARCH_PATHS = (
					"$(inherited)",
					"@executable_path/Frameworks",
				);
				PRODUCT_BUNDLE_IDENTIFIER = "ElderiedMcKinney.SipZ-";
				PRODUCT_NAME = "$(TARGET_NAME)";
				SWIFT_VERSION = 4.0;
				TARGETED_DEVICE_FAMILY = "1,2";
			};
			name = Release;
		};
/* End XCBuildConfiguration section */

/* Begin XCConfigurationList section */
		DABCD524207484F80040374E /* Build configuration list for PBXProject "SipZ!" */ = {
			isa = XCConfigurationList;
			buildConfigurations = (
				DABCD53C207484FB0040374E /* Debug */,
				DABCD53D207484FB0040374E /* Release */,
			);
			defaultConfigurationIsVisible = 0;
			defaultConfigurationName = Release;
		};
		DABCD53E207484FB0040374E /* Build configuration list for PBXNativeTarget "SipZ!" */ = {
			isa = XCConfigurationList;
			buildConfigurations = (
				DABCD53F207484FB0040374E /* Debug */,
				DABCD540207484FB0040374E /* Release */,
			);
			defaultConfigurationIsVisible = 0;
			defaultConfigurationName = Release;
		};
/* End XCConfigurationList section */

/* Begin XCVersionGroup section */
		DABCD533207484F80040374E /* SipZ_.xcdatamodeld */ = {
			isa = XCVersionGroup;
			children = (
				DABCD534207484F80040374E /* SipZ_.xcdatamodel */,
			);
			currentVersion = DABCD534207484F80040374E /* SipZ_.xcdatamodel */;
			path = SipZ_.xcdatamodeld;
			sourceTree = "<group>";
			versionGroupType = wrapper.xcdatamodel;
		};
/* End XCVersionGroup section */
	};
	rootObject = DABCD521207484F80040374E /* Project object */;
}
